// !$*UTF8*$!
{
	archiveVersion = 1;
	classes = {
	};
	objectVersion = 50;
	objects = {

/* Begin PBXBuildFile section */
		4EAAB9B526E03D18004A3298 /* AppDelegate.swift in Sources */ = {isa = PBXBuildFile; fileRef = 4EAAB9B426E03D18004A3298 /* AppDelegate.swift */; };
		4EAAB9B726E03D18004A3298 /* SceneDelegate.swift in Sources */ = {isa = PBXBuildFile; fileRef = 4EAAB9B626E03D18004A3298 /* SceneDelegate.swift */; };
		4EAAB9B926E03D18004A3298 /* ViewController.swift in Sources */ = {isa = PBXBuildFile; fileRef = 4EAAB9B826E03D18004A3298 /* ViewController.swift */; };
		4EAAB9BC26E03D18004A3298 /* Main.storyboard in Resources */ = {isa = PBXBuildFile; fileRef = 4EAAB9BA26E03D18004A3298 /* Main.storyboard */; };
		4EAAB9BE26E03D1B004A3298 /* Assets.xcassets in Resources */ = {isa = PBXBuildFile; fileRef = 4EAAB9BD26E03D1B004A3298 /* Assets.xcassets */; };
		4EAAB9C126E03D1B004A3298 /* LaunchScreen.storyboard in Resources */ = {isa = PBXBuildFile; fileRef = 4EAAB9BF26E03D1B004A3298 /* LaunchScreen.storyboard */; };
		4EAAB9CC26E03D1B004A3298 /* You_Are_Awesome_Tests.swift in Sources */ = {isa = PBXBuildFile; fileRef = 4EAAB9CB26E03D1B004A3298 /* You_Are_Awesome_Tests.swift */; };
		4EAAB9D726E03D1B004A3298 /* You_Are_Awesome_UITests.swift in Sources */ = {isa = PBXBuildFile; fileRef = 4EAAB9D626E03D1B004A3298 /* You_Are_Awesome_UITests.swift */; };
/* End PBXBuildFile section */

/* Begin PBXContainerItemProxy section */
		4EAAB9C826E03D1B004A3298 /* PBXContainerItemProxy */ = {
			isa = PBXContainerItemProxy;
			containerPortal = 4EAAB9A926E03D18004A3298 /* Project object */;
			proxyType = 1;
			remoteGlobalIDString = 4EAAB9B026E03D18004A3298;
			remoteInfo = "You Are Awesome!";
		};
		4EAAB9D326E03D1B004A3298 /* PBXContainerItemProxy */ = {
			isa = PBXContainerItemProxy;
			containerPortal = 4EAAB9A926E03D18004A3298 /* Project object */;
			proxyType = 1;
			remoteGlobalIDString = 4EAAB9B026E03D18004A3298;
			remoteInfo = "You Are Awesome!";
		};
/* End PBXContainerItemProxy section */

/* Begin PBXFileReference section */
		4EAAB9B126E03D18004A3298 /* You Are Awesome!.app */ = {isa = PBXFileReference; explicitFileType = wrapper.application; includeInIndex = 0; path = "You Are Awesome!.app"; sourceTree = BUILT_PRODUCTS_DIR; };
		4EAAB9B426E03D18004A3298 /* AppDelegate.swift */ = {isa = PBXFileReference; lastKnownFileType = sourcecode.swift; path = AppDelegate.swift; sourceTree = "<group>"; };
		4EAAB9B626E03D18004A3298 /* SceneDelegate.swift */ = {isa = PBXFileReference; lastKnownFileType = sourcecode.swift; path = SceneDelegate.swift; sourceTree = "<group>"; };
		4EAAB9B826E03D18004A3298 /* ViewController.swift */ = {isa = PBXFileReference; lastKnownFileType = sourcecode.swift; path = ViewController.swift; sourceTree = "<group>"; };
		4EAAB9BB26E03D18004A3298 /* Base */ = {isa = PBXFileReference; lastKnownFileType = file.storyboard; name = Base; path = Base.lproj/Main.storyboard; sourceTree = "<group>"; };
		4EAAB9BD26E03D1B004A3298 /* Assets.xcassets */ = {isa = PBXFileReference; lastKnownFileType = folder.assetcatalog; path = Assets.xcassets; sourceTree = "<group>"; };
		4EAAB9C026E03D1B004A3298 /* Base */ = {isa = PBXFileReference; lastKnownFileType = file.storyboard; name = Base; path = Base.lproj/LaunchScreen.storyboard; sourceTree = "<group>"; };
		4EAAB9C226E03D1B004A3298 /* Info.plist */ = {isa = PBXFileReference; lastKnownFileType = text.plist.xml; path = Info.plist; sourceTree = "<group>"; };
		4EAAB9C726E03D1B004A3298 /* You Are Awesome!Tests.xctest */ = {isa = PBXFileReference; explicitFileType = wrapper.cfbundle; includeInIndex = 0; path = "You Are Awesome!Tests.xctest"; sourceTree = BUILT_PRODUCTS_DIR; };
		4EAAB9CB26E03D1B004A3298 /* You_Are_Awesome_Tests.swift */ = {isa = PBXFileReference; lastKnownFileType = sourcecode.swift; path = You_Are_Awesome_Tests.swift; sourceTree = "<group>"; };
		4EAAB9CD26E03D1B004A3298 /* Info.plist */ = {isa = PBXFileReference; lastKnownFileType = text.plist.xml; path = Info.plist; sourceTree = "<group>"; };
		4EAAB9D226E03D1B004A3298 /* You Are Awesome!UITests.xctest */ = {isa = PBXFileReference; explicitFileType = wrapper.cfbundle; includeInIndex = 0; path = "You Are Awesome!UITests.xctest"; sourceTree = BUILT_PRODUCTS_DIR; };
		4EAAB9D626E03D1B004A3298 /* You_Are_Awesome_UITests.swift */ = {isa = PBXFileReference; lastKnownFileType = sourcecode.swift; path = You_Are_Awesome_UITests.swift; sourceTree = "<group>"; };
		4EAAB9D826E03D1B004A3298 /* Info.plist */ = {isa = PBXFileReference; lastKnownFileType = text.plist.xml; path = Info.plist; sourceTree = "<group>"; };
/* End PBXFileReference section */

/* Begin PBXFrameworksBuildPhase section */
		4EAAB9AE26E03D18004A3298 /* Frameworks */ = {
			isa = PBXFrameworksBuildPhase;
			buildActionMask = 2147483647;
			files = (
			);
			runOnlyForDeploymentPostprocessing = 0;
		};
		4EAAB9C426E03D1B004A3298 /* Frameworks */ = {
			isa = PBXFrameworksBuildPhase;
			buildActionMask = 2147483647;
			files = (
			);
			runOnlyForDeploymentPostprocessing = 0;
		};
		4EAAB9CF26E03D1B004A3298 /* Frameworks */ = {
			isa = PBXFrameworksBuildPhase;
			buildActionMask = 2147483647;
			files = (
			);
			runOnlyForDeploymentPostprocessing = 0;
		};
/* End PBXFrameworksBuildPhase section */

/* Begin PBXGroup section */
		4EAAB9A826E03D18004A3298 = {
			isa = PBXGroup;
			children = (
				4EAAB9B326E03D18004A3298 /* You Are Awesome! */,
				4EAAB9CA26E03D1B004A3298 /* You Are Awesome!Tests */,
				4EAAB9D526E03D1B004A3298 /* You Are Awesome!UITests */,
				4EAAB9B226E03D18004A3298 /* Products */,
			);
			sourceTree = "<group>";
		};
		4EAAB9B226E03D18004A3298 /* Products */ = {
			isa = PBXGroup;
			children = (
				4EAAB9B126E03D18004A3298 /* You Are Awesome!.app */,
				4EAAB9C726E03D1B004A3298 /* You Are Awesome!Tests.xctest */,
				4EAAB9D226E03D1B004A3298 /* You Are Awesome!UITests.xctest */,
			);
			name = Products;
			sourceTree = "<group>";
		};
		4EAAB9B326E03D18004A3298 /* You Are Awesome! */ = {
			isa = PBXGroup;
			children = (
				4EAAB9B426E03D18004A3298 /* AppDelegate.swift */,
				4EAAB9B626E03D18004A3298 /* SceneDelegate.swift */,
				4EAAB9B826E03D18004A3298 /* ViewController.swift */,
				4EAAB9BA26E03D18004A3298 /* Main.storyboard */,
				4EAAB9BD26E03D1B004A3298 /* Assets.xcassets */,
				4EAAB9BF26E03D1B004A3298 /* LaunchScreen.storyboard */,
				4EAAB9C226E03D1B004A3298 /* Info.plist */,
			);
			path = "You Are Awesome!";
			sourceTree = "<group>";
		};
		4EAAB9CA26E03D1B004A3298 /* You Are Awesome!Tests */ = {
			isa = PBXGroup;
			children = (
				4EAAB9CB26E03D1B004A3298 /* You_Are_Awesome_Tests.swift */,
				4EAAB9CD26E03D1B004A3298 /* Info.plist */,
			);
			path = "You Are Awesome!Tests";
			sourceTree = "<group>";
		};
		4EAAB9D526E03D1B004A3298 /* You Are Awesome!UITests */ = {
			isa = PBXGroup;
			children = (
				4EAAB9D626E03D1B004A3298 /* You_Are_Awesome_UITests.swift */,
				4EAAB9D826E03D1B004A3298 /* Info.plist */,
			);
			path = "You Are Awesome!UITests";
			sourceTree = "<group>";
		};
/* End PBXGroup section */

/* Begin PBXNativeTarget section */
		4EAAB9B026E03D18004A3298 /* You Are Awesome! */ = {
			isa = PBXNativeTarget;
			buildConfigurationList = 4EAAB9DB26E03D1B004A3298 /* Build configuration list for PBXNativeTarget "You Are Awesome!" */;
			buildPhases = (
				4EAAB9AD26E03D18004A3298 /* Sources */,
				4EAAB9AE26E03D18004A3298 /* Frameworks */,
				4EAAB9AF26E03D18004A3298 /* Resources */,
			);
			buildRules = (
			);
			dependencies = (
			);
			name = "You Are Awesome!";
			productName = "You Are Awesome!";
			productReference = 4EAAB9B126E03D18004A3298 /* You Are Awesome!.app */;
			productType = "com.apple.product-type.application";
		};
		4EAAB9C626E03D1B004A3298 /* You Are Awesome!Tests */ = {
			isa = PBXNativeTarget;
			buildConfigurationList = 4EAAB9DE26E03D1B004A3298 /* Build configuration list for PBXNativeTarget "You Are Awesome!Tests" */;
			buildPhases = (
				4EAAB9C326E03D1B004A3298 /* Sources */,
				4EAAB9C426E03D1B004A3298 /* Frameworks */,
				4EAAB9C526E03D1B004A3298 /* Resources */,
			);
			buildRules = (
			);
			dependencies = (
				4EAAB9C926E03D1B004A3298 /* PBXTargetDependency */,
			);
			name = "You Are Awesome!Tests";
			productName = "You Are Awesome!Tests";
			productReference = 4EAAB9C726E03D1B004A3298 /* You Are Awesome!Tests.xctest */;
			productType = "com.apple.product-type.bundle.unit-test";
		};
		4EAAB9D126E03D1B004A3298 /* You Are Awesome!UITests */ = {
			isa = PBXNativeTarget;
			buildConfigurationList = 4EAAB9E126E03D1B004A3298 /* Build configuration list for PBXNativeTarget "You Are Awesome!UITests" */;
			buildPhases = (
				4EAAB9CE26E03D1B004A3298 /* Sources */,
				4EAAB9CF26E03D1B004A3298 /* Frameworks */,
				4EAAB9D026E03D1B004A3298 /* Resources */,
			);
			buildRules = (
			);
			dependencies = (
				4EAAB9D426E03D1B004A3298 /* PBXTargetDependency */,
			);
			name = "You Are Awesome!UITests";
			productName = "You Are Awesome!UITests";
			productReference = 4EAAB9D226E03D1B004A3298 /* You Are Awesome!UITests.xctest */;
			productType = "com.apple.product-type.bundle.ui-testing";
		};
/* End PBXNativeTarget section */

/* Begin PBXProject section */
		4EAAB9A926E03D18004A3298 /* Project object */ = {
			isa = PBXProject;
			attributes = {
				LastSwiftUpdateCheck = 1250;
				LastUpgradeCheck = 1250;
				TargetAttributes = {
					4EAAB9B026E03D18004A3298 = {
						CreatedOnToolsVersion = 12.5.1;
					};
					4EAAB9C626E03D1B004A3298 = {
						CreatedOnToolsVersion = 12.5.1;
						TestTargetID = 4EAAB9B026E03D18004A3298;
					};
					4EAAB9D126E03D1B004A3298 = {
						CreatedOnToolsVersion = 12.5.1;
						TestTargetID = 4EAAB9B026E03D18004A3298;
					};
				};
			};
			buildConfigurationList = 4EAAB9AC26E03D18004A3298 /* Build configuration list for PBXProject "You Are Awesome!" */;
			compatibilityVersion = "Xcode 9.3";
			developmentRegion = en;
			hasScannedForEncodings = 0;
			knownRegions = (
				en,
				Base,
			);
			mainGroup = 4EAAB9A826E03D18004A3298;
			productRefGroup = 4EAAB9B226E03D18004A3298 /* Products */;
			projectDirPath = "";
			projectRoot = "";
			targets = (
				4EAAB9B026E03D18004A3298 /* You Are Awesome! */,
				4EAAB9C626E03D1B004A3298 /* You Are Awesome!Tests */,
				4EAAB9D126E03D1B004A3298 /* You Are Awesome!UITests */,
			);
		};
/* End PBXProject section */

/* Begin PBXResourcesBuildPhase section */
		4EAAB9AF26E03D18004A3298 /* Resources */ = {
			isa = PBXResourcesBuildPhase;
			buildActionMask = 2147483647;
			files = (
				4EAAB9C126E03D1B004A3298 /* LaunchScreen.storyboard in Resources */,
				4EAAB9BE26E03D1B004A3298 /* Assets.xcassets in Resources */,
				4EAAB9BC26E03D18004A3298 /* Main.storyboard in Resources */,
			);
			runOnlyForDeploymentPostprocessing = 0;
		};
		4EAAB9C526E03D1B004A3298 /* Resources */ = {
			isa = PBXResourcesBuildPhase;
			buildActionMask = 2147483647;
			files = (
			);
			runOnlyForDeploymentPostprocessing = 0;
		};
		4EAAB9D026E03D1B004A3298 /* Resources */ = {
			isa = PBXResourcesBuildPhase;
			buildActionMask = 2147483647;
			files = (
			);
			runOnlyForDeploymentPostprocessing = 0;
		};
/* End PBXResourcesBuildPhase section */

/* Begin PBXSourcesBuildPhase section */
		4EAAB9AD26E03D18004A3298 /* Sources */ = {
			isa = PBXSourcesBuildPhase;
			buildActionMask = 2147483647;
			files = (
				4EAAB9B926E03D18004A3298 /* ViewController.swift in Sources */,
				4EAAB9B526E03D18004A3298 /* AppDelegate.swift in Sources */,
				4EAAB9B726E03D18004A3298 /* SceneDelegate.swift in Sources */,
			);
			runOnlyForDeploymentPostprocessing = 0;
		};
		4EAAB9C326E03D1B004A3298 /* Sources */ = {
			isa = PBXSourcesBuildPhase;
			buildActionMask = 2147483647;
			files = (
				4EAAB9CC26E03D1B004A3298 /* You_Are_Awesome_Tests.swift in Sources */,
			);
			runOnlyForDeploymentPostprocessing = 0;
		};
		4EAAB9CE26E03D1B004A3298 /* Sources */ = {
			isa = PBXSourcesBuildPhase;
			buildActionMask = 2147483647;
			files = (
				4EAAB9D726E03D1B004A3298 /* You_Are_Awesome_UITests.swift in Sources */,
			);
			runOnlyForDeploymentPostprocessing = 0;
		};
/* End PBXSourcesBuildPhase section */

/* Begin PBXTargetDependency section */
		4EAAB9C926E03D1B004A3298 /* PBXTargetDependency */ = {
			isa = PBXTargetDependency;
			target = 4EAAB9B026E03D18004A3298 /* You Are Awesome! */;
			targetProxy = 4EAAB9C826E03D1B004A3298 /* PBXContainerItemProxy */;
		};
		4EAAB9D426E03D1B004A3298 /* PBXTargetDependency */ = {
			isa = PBXTargetDependency;
			target = 4EAAB9B026E03D18004A3298 /* You Are Awesome! */;
			targetProxy = 4EAAB9D326E03D1B004A3298 /* PBXContainerItemProxy */;
		};
/* End PBXTargetDependency section */

/* Begin PBXVariantGroup section */
		4EAAB9BA26E03D18004A3298 /* Main.storyboard */ = {
			isa = PBXVariantGroup;
			children = (
				4EAAB9BB26E03D18004A3298 /* Base */,
			);
			name = Main.storyboard;
			sourceTree = "<group>";
		};
		4EAAB9BF26E03D1B004A3298 /* LaunchScreen.storyboard */ = {
			isa = PBXVariantGroup;
			children = (
				4EAAB9C026E03D1B004A3298 /* Base */,
			);
			name = LaunchScreen.storyboard;
			sourceTree = "<group>";
		};
/* End PBXVariantGroup section */

/* Begin XCBuildConfiguration section */
		4EAAB9D926E03D1B004A3298 /* Debug */ = {
			isa = XCBuildConfiguration;
			buildSettings = {
				ALWAYS_SEARCH_USER_PATHS = NO;
				CLANG_ANALYZER_NONNULL = YES;
				CLANG_ANALYZER_NUMBER_OBJECT_CONVERSION = YES_AGGRESSIVE;
				CLANG_CXX_LANGUAGE_STANDARD = "gnu++14";
				CLANG_CXX_LIBRARY = "libc++";
				CLANG_ENABLE_MODULES = YES;
				CLANG_ENABLE_OBJC_ARC = YES;
				CLANG_ENABLE_OBJC_WEAK = YES;
				CLANG_WARN_BLOCK_CAPTURE_AUTORELEASING = YES;
				CLANG_WARN_BOOL_CONVERSION = YES;
				CLANG_WARN_COMMA = YES;
				CLANG_WARN_CONSTANT_CONVERSION = YES;
				CLANG_WARN_DEPRECATED_OBJC_IMPLEMENTATIONS = YES;
				CLANG_WARN_DIRECT_OBJC_ISA_USAGE = YES_ERROR;
				CLANG_WARN_DOCUMENTATION_COMMENTS = YES;
				CLANG_WARN_EMPTY_BODY = YES;
				CLANG_WARN_ENUM_CONVERSION = YES;
				CLANG_WARN_INFINITE_RECURSION = YES;
				CLANG_WARN_INT_CONVERSION = YES;
				CLANG_WARN_NON_LITERAL_NULL_CONVERSION = YES;
				CLANG_WARN_OBJC_IMPLICIT_RETAIN_SELF = YES;
				CLANG_WARN_OBJC_LITERAL_CONVERSION = YES;
				CLANG_WARN_OBJC_ROOT_CLASS = YES_ERROR;
				CLANG_WARN_QUOTED_INCLUDE_IN_FRAMEWORK_HEADER = YES;
				CLANG_WARN_RANGE_LOOP_ANALYSIS = YES;
				CLANG_WARN_STRICT_PROTOTYPES = YES;
				CLANG_WARN_SUSPICIOUS_MOVE = YES;
				CLANG_WARN_UNGUARDED_AVAILABILITY = YES_AGGRESSIVE;
				CLANG_WARN_UNREACHABLE_CODE = YES;
				CLANG_WARN__DUPLICATE_METHOD_MATCH = YES;
				COPY_PHASE_STRIP = NO;
				DEBUG_INFORMATION_FORMAT = dwarf;
				ENABLE_STRICT_OBJC_MSGSEND = YES;
				ENABLE_TESTABILITY = YES;
				GCC_C_LANGUAGE_STANDARD = gnu11;
				GCC_DYNAMIC_NO_PIC = NO;
				GCC_NO_COMMON_BLOCKS = YES;
				GCC_OPTIMIZATION_LEVEL = 0;
				GCC_PREPROCESSOR_DEFINITIONS = (
					"DEBUG=1",
					"$(inherited)",
				);
				GCC_WARN_64_TO_32_BIT_CONVERSION = YES;
				GCC_WARN_ABOUT_RETURN_TYPE = YES_ERROR;
				GCC_WARN_UNDECLARED_SELECTOR = YES;
				GCC_WARN_UNINITIALIZED_AUTOS = YES_AGGRESSIVE;
				GCC_WARN_UNUSED_FUNCTION = YES;
				GCC_WARN_UNUSED_VARIABLE = YES;
				IPHONEOS_DEPLOYMENT_TARGET = 14.5;
				MTL_ENABLE_DEBUG_INFO = INCLUDE_SOURCE;
				MTL_FAST_MATH = YES;
				ONLY_ACTIVE_ARCH = YES;
				SDKROOT = iphoneos;
				SWIFT_ACTIVE_COMPILATION_CONDITIONS = DEBUG;
				SWIFT_OPTIMIZATION_LEVEL = "-Onone";
			};
			name = Debug;
		};
		4EAAB9DA26E03D1B004A3298 /* Release */ = {
			isa = XCBuildConfiguration;
			buildSettings = {
				ALWAYS_SEARCH_USER_PATHS = NO;
				CLANG_ANALYZER_NONNULL = YES;
				CLANG_ANALYZER_NUMBER_OBJECT_CONVERSION = YES_AGGRESSIVE;
				CLANG_CXX_LANGUAGE_STANDARD = "gnu++14";
				CLANG_CXX_LIBRARY = "libc++";
				CLANG_ENABLE_MODULES = YES;
				CLANG_ENABLE_OBJC_ARC = YES;
				CLANG_ENABLE_OBJC_WEAK = YES;
				CLANG_WARN_BLOCK_CAPTURE_AUTORELEASING = YES;
				CLANG_WARN_BOOL_CONVERSION = YES;
				CLANG_WARN_COMMA = YES;
				CLANG_WARN_CONSTANT_CONVERSION = YES;
				CLANG_WARN_DEPRECATED_OBJC_IMPLEMENTATIONS = YES;
				CLANG_WARN_DIRECT_OBJC_ISA_USAGE = YES_ERROR;
				CLANG_WARN_DOCUMENTATION_COMMENTS = YES;
				CLANG_WARN_EMPTY_BODY = YES;
				CLANG_WARN_ENUM_CONVERSION = YES;
				CLANG_WARN_INFINITE_RECURSION = YES;
				CLANG_WARN_INT_CONVERSION = YES;
				CLANG_WARN_NON_LITERAL_NULL_CONVERSION = YES;
				CLANG_WARN_OBJC_IMPLICIT_RETAIN_SELF = YES;
				CLANG_WARN_OBJC_LITERAL_CONVERSION = YES;
				CLANG_WARN_OBJC_ROOT_CLASS = YES_ERROR;
				CLANG_WARN_QUOTED_INCLUDE_IN_FRAMEWORK_HEADER = YES;
				CLANG_WARN_RANGE_LOOP_ANALYSIS = YES;
				CLANG_WARN_STRICT_PROTOTYPES = YES;
				CLANG_WARN_SUSPICIOUS_MOVE = YES;
				CLANG_WARN_UNGUARDED_AVAILABILITY = YES_AGGRESSIVE;
				CLANG_WARN_UNREACHABLE_CODE = YES;
				CLANG_WARN__DUPLICATE_METHOD_MATCH = YES;
				COPY_PHASE_STRIP = NO;
				DEBUG_INFORMATION_FORMAT = "dwarf-with-dsym";
				ENABLE_NS_ASSERTIONS = NO;
				ENABLE_STRICT_OBJC_MSGSEND = YES;
				GCC_C_LANGUAGE_STANDARD = gnu11;
				GCC_NO_COMMON_BLOCKS = YES;
				GCC_WARN_64_TO_32_BIT_CONVERSION = YES;
				GCC_WARN_ABOUT_RETURN_TYPE = YES_ERROR;
				GCC_WARN_UNDECLARED_SELECTOR = YES;
				GCC_WARN_UNINITIALIZED_AUTOS = YES_AGGRESSIVE;
				GCC_WARN_UNUSED_FUNCTION = YES;
				GCC_WARN_UNUSED_VARIABLE = YES;
				IPHONEOS_DEPLOYMENT_TARGET = 14.5;
				MTL_ENABLE_DEBUG_INFO = NO;
				MTL_FAST_MATH = YES;
				SDKROOT = iphoneos;
				SWIFT_COMPILATION_MODE = wholemodule;
				SWIFT_OPTIMIZATION_LEVEL = "-O";
				VALIDATE_PRODUCT = YES;
			};
			name = Release;
		};
		4EAAB9DC26E03D1B004A3298 /* Debug */ = {
			isa = XCBuildConfiguration;
			buildSettings = {
				ASSETCATALOG_COMPILER_APPICON_NAME = AppIcon;
				ASSETCATALOG_COMPILER_GLOBAL_ACCENT_COLOR_NAME = AccentColor;
				CODE_SIGN_STYLE = Automatic;
				DEVELOPMENT_TEAM = DRRU6CK22Y;
				INFOPLIST_FILE = "You Are Awesome!/Info.plist";
				LD_RUNPATH_SEARCH_PATHS = (
					"$(inherited)",
					"@executable_path/Frameworks",
				);
				PRODUCT_BUNDLE_IDENTIFIER = "com.braer.You-Are-Awesome-";
				PRODUCT_NAME = "$(TARGET_NAME)";
				SWIFT_VERSION = 5.0;
				TARGETED_DEVICE_FAMILY = "1,2";
			};
			name = Debug;
		};
		4EAAB9DD26E03D1B004A3298 /* Release */ = {
			isa = XCBuildConfiguration;
			buildSettings = {
				ASSETCATALOG_COMPILER_APPICON_NAME = AppIcon;
				ASSETCATALOG_COMPILER_GLOBAL_ACCENT_COLOR_NAME = AccentColor;
				CODE_SIGN_STYLE = Automatic;
				DEVELOPMENT_TEAM = DRRU6CK22Y;
				INFOPLIST_FILE = "You Are Awesome!/Info.plist";
				LD_RUNPATH_SEARCH_PATHS = (
					"$(inherited)",
					"@executable_path/Frameworks",
				);
				PRODUCT_BUNDLE_IDENTIFIER = "com.braer.You-Are-Awesome-";
				PRODUCT_NAME = "$(TARGET_NAME)";
				SWIFT_VERSION = 5.0;
				TARGETED_DEVICE_FAMILY = "1,2";
			};
			name = Release;
		};
		4EAAB9DF26E03D1B004A3298 /* Debug */ = {
			isa = XCBuildConfiguration;
			buildSettings = {
				ALWAYS_EMBED_SWIFT_STANDARD_LIBRARIES = YES;
				BUNDLE_LOADER = "$(TEST_HOST)";
				CODE_SIGN_STYLE = Automatic;
				DEVELOPMENT_TEAM = DRRU6CK22Y;
				INFOPLIST_FILE = "You Are Awesome!Tests/Info.plist";
				IPHONEOS_DEPLOYMENT_TARGET = 14.5;
				LD_RUNPATH_SEARCH_PATHS = (
					"$(inherited)",
					"@executable_path/Frameworks",
					"@loader_path/Frameworks",
				);
				PRODUCT_BUNDLE_IDENTIFIER = "com.braer.You-Are-Awesome-Tests";
				PRODUCT_NAME = "$(TARGET_NAME)";
				SWIFT_VERSION = 5.0;
				TARGETED_DEVICE_FAMILY = "1,2";
				TEST_HOST = "$(BUILT_PRODUCTS_DIR)/You Are Awesome!.app/You Are Awesome!";
			};
			name = Debug;
		};
		4EAAB9E026E03D1B004A3298 /* Release */ = {
			isa = XCBuildConfiguration;
			buildSettings = {
				ALWAYS_EMBED_SWIFT_STANDARD_LIBRARIES = YES;
				BUNDLE_LOADER = "$(TEST_HOST)";
				CODE_SIGN_STYLE = Automatic;
				DEVELOPMENT_TEAM = DRRU6CK22Y;
				INFOPLIST_FILE = "You Are Awesome!Tests/Info.plist";
				IPHONEOS_DEPLOYMENT_TARGET = 14.5;
				LD_RUNPATH_SEARCH_PATHS = (
					"$(inherited)",
					"@executable_path/Frameworks",
					"@loader_path/Frameworks",
				);
				PRODUCT_BUNDLE_IDENTIFIER = "com.braer.You-Are-Awesome-Tests";
				PRODUCT_NAME = "$(TARGET_NAME)";
				SWIFT_VERSION = 5.0;
				TARGETED_DEVICE_FAMILY = "1,2";
				TEST_HOST = "$(BUILT_PRODUCTS_DIR)/You Are Awesome!.app/You Are Awesome!";
			};
			name = Release;
		};
		4EAAB9E226E03D1B004A3298 /* Debug */ = {
			isa = XCBuildConfiguration;
			buildSettings = {
				ALWAYS_EMBED_SWIFT_STANDARD_LIBRARIES = YES;
				CODE_SIGN_STYLE = Automatic;
				DEVELOPMENT_TEAM = DRRU6CK22Y;
				INFOPLIST_FILE = "You Are Awesome!UITests/Info.plist";
				LD_RUNPATH_SEARCH_PATHS = (
					"$(inherited)",
					"@executable_path/Frameworks",
					"@loader_path/Frameworks",
				);
				PRODUCT_BUNDLE_IDENTIFIER = "com.braer.You-Are-Awesome-UITests";
				PRODUCT_NAME = "$(TARGET_NAME)";
				SWIFT_VERSION = 5.0;
				TARGETED_DEVICE_FAMILY = "1,2";
				TEST_TARGET_NAME = "You Are Awesome!";
			};
			name = Debug;
		};
		4EAAB9E326E03D1B004A3298 /* Release */ = {
			isa = XCBuildConfiguration;
			buildSettings = {
				ALWAYS_EMBED_SWIFT_STANDARD_LIBRARIES = YES;
				CODE_SIGN_STYLE = Automatic;
				DEVELOPMENT_TEAM = DRRU6CK22Y;
				INFOPLIST_FILE = "You Are Awesome!UITests/Info.plist";
				LD_RUNPATH_SEARCH_PATHS = (
					"$(inherited)",
					"@executable_path/Frameworks",
					"@loader_path/Frameworks",
				);
				PRODUCT_BUNDLE_IDENTIFIER = "com.braer.You-Are-Awesome-UITests";
				PRODUCT_NAME = "$(TARGET_NAME)";
				SWIFT_VERSION = 5.0;
				TARGETED_DEVICE_FAMILY = "1,2";
				TEST_TARGET_NAME = "You Are Awesome!";
			};
			name = Release;
		};
/* End XCBuildConfiguration section */

/* Begin XCConfigurationList section */
		4EAAB9AC26E03D18004A3298 /* Build configuration list for PBXProject "You Are Awesome!" */ = {
			isa = XCConfigurationList;
			buildConfigurations = (
				4EAAB9D926E03D1B004A3298 /* Debug */,
				4EAAB9DA26E03D1B004A3298 /* Release */,
			);
			defaultConfigurationIsVisible = 0;
			defaultConfigurationName = Release;
		};
		4EAAB9DB26E03D1B004A3298 /* Build configuration list for PBXNativeTarget "You Are Awesome!" */ = {
			isa = XCConfigurationList;
			buildConfigurations = (
				4EAAB9DC26E03D1B004A3298 /* Debug */,
				4EAAB9DD26E03D1B004A3298 /* Release */,
			);
			defaultConfigurationIsVisible = 0;
			defaultConfigurationName = Release;
		};
		4EAAB9DE26E03D1B004A3298 /* Build configuration list for PBXNativeTarget "You Are Awesome!Tests" */ = {
			isa = XCConfigurationList;
			buildConfigurations = (
				4EAAB9DF26E03D1B004A3298 /* Debug */,
				4EAAB9E026E03D1B004A3298 /* Release */,
			);
			defaultConfigurationIsVisible = 0;
			defaultConfigurationName = Release;
		};
		4EAAB9E126E03D1B004A3298 /* Build configuration list for PBXNativeTarget "You Are Awesome!UITests" */ = {
			isa = XCConfigurationList;
			buildConfigurations = (
				4EAAB9E226E03D1B004A3298 /* Debug */,
				4EAAB9E326E03D1B004A3298 /* Release */,
			);
			defaultConfigurationIsVisible = 0;
			defaultConfigurationName = Release;
		};
/* End XCConfigurationList section */
	};
	rootObject = 4EAAB9A926E03D18004A3298 /* Project object */;
}
